
Microsoft Visual Studio Solution File, Format Version 12.00
# Visual Studio Version 17
VisualStudioVersion = 17.7.34009.444
MinimumVisualStudioVersion = 10.0.40219.1
Project("{FAE04EC0-301F-11D3-BF4B-00C04F79EFBC}") = "21_Sep", "21_Sep\21_Sep.csproj", "{CCC9FF65-88A2-4E14-A6A0-4BFCC2EF037C}"
EndProject
Global
	GlobalSection(SolutionConfigurationPlatforms) = preSolution
		Debug|Any CPU = Debug|Any CPU
		Release|Any CPU = Release|Any CPU
	EndGlobalSection
	GlobalSection(ProjectConfigurationPlatforms) = postSolution
		{CCC9FF65-88A2-4E14-A6A0-4BFCC2EF037C}.Debug|Any CPU.ActiveCfg = Debug|Any CPU
		{CCC9FF65-88A2-4E14-A6A0-4BFCC2EF037C}.Debug|Any CPU.Build.0 = Debug|Any CPU
		{CCC9FF65-88A2-4E14-A6A0-4BFCC2EF037C}.Release|Any CPU.ActiveCfg = Release|Any CPU
		{CCC9FF65-88A2-4E14-A6A0-4BFCC2EF037C}.Release|Any CPU.Build.0 = Release|Any CPU
	EndGlobalSection
	GlobalSection(SolutionProperties) = preSolution
		HideSolutionNode = FALSE
	EndGlobalSection
	GlobalSection(ExtensibilityGlobals) = postSolution
		SolutionGuid = {77AAABC8-CE87-46EF-8BAF-4C1EECA961BF}
	EndGlobalSection
EndGlobal
